
Microsoft Visual Studio Solution File, Format Version 12.00
# Visual Studio 15
VisualStudioVersion = 15.0.26430.13
MinimumVisualStudioVersion = 10.0.40219.1
Project("{FAE04EC0-301F-11D3-BF4B-00C04F79EFBC}") = "xamarinDbOperationSample", "xamarinDbOperationSample\xamarinDbOperationSample.csproj", "{9F6400EB-2C1D-477F-B9D9-6FB6DBEC8976}"
EndProject
Project("{FAE04EC0-301F-11D3-BF4B-00C04F79EFBC}") = "xamarinDbOperationAPI", "xamarinDbOperationAPI\xamarinDbOperationAPI.csproj", "{73B71DAF-DC93-4297-B5D3-AC6E4F6EFC3C}"
EndProject
Project("{FAE04EC0-301F-11D3-BF4B-00C04F79EFBC}") = "xamarinDbOperationClient.Android", "xamarinDbOperationClient\xamarinDbOperationClient.Android\xamarinDbOperationClient.Android.csproj", "{9853B671-9304-4619-A253-9A97423E1FA4}"
EndProject
Project("{FAE04EC0-301F-11D3-BF4B-00C04F79EFBC}") = "xamarinDbOperationClient", "xamarinDbOperationClient\xamarinDbOperationClient\xamarinDbOperationClient.csproj", "{F58E40E2-4F19-4779-8BF9-2157E8D73BFB}"
EndProject
Project("{FAE04EC0-301F-11D3-BF4B-00C04F79EFBC}") = "xamarinDbOperationClient.UWP", "xamarinDbOperationClient\xamarinDbOperationClient.UWP\xamarinDbOperationClient.UWP.csproj", "{14DE1067-8E4C-424A-9EF2-43EBA9445E82}"
EndProject
Project("{FAE04EC0-301F-11D3-BF4B-00C04F79EFBC}") = "xamarinDbOperationClient.iOS", "xamarinDbOperationClient\xamarinDbOperationClient.iOS\xamarinDbOperationClient.iOS.csproj", "{DA318387-5B82-4E66-9634-28516EE89DB3}"
EndProject
Global
	GlobalSection(SolutionConfigurationPlatforms) = preSolution
		Ad-Hoc|Any CPU = Ad-Hoc|Any CPU
		Ad-Hoc|ARM = Ad-Hoc|ARM
		Ad-Hoc|iPhone = Ad-Hoc|iPhone
		Ad-Hoc|iPhoneSimulator = Ad-Hoc|iPhoneSimulator
		Ad-Hoc|x64 = Ad-Hoc|x64
		Ad-Hoc|x86 = Ad-Hoc|x86
		AppStore|Any CPU = AppStore|Any CPU
		AppStore|ARM = AppStore|ARM
		AppStore|iPhone = AppStore|iPhone
		AppStore|iPhoneSimulator = AppStore|iPhoneSimulator
		AppStore|x64 = AppStore|x64
		AppStore|x86 = AppStore|x86
		Debug|Any CPU = Debug|Any CPU
		Debug|ARM = Debug|ARM
		Debug|iPhone = Debug|iPhone
		Debug|iPhoneSimulator = Debug|iPhoneSimulator
		Debug|x64 = Debug|x64
		Debug|x86 = Debug|x86
		Release|Any CPU = Release|Any CPU
		Release|ARM = Release|ARM
		Release|iPhone = Release|iPhone
		Release|iPhoneSimulator = Release|iPhoneSimulator
		Release|x64 = Release|x64
		Release|x86 = Release|x86
	EndGlobalSection
	GlobalSection(ProjectConfigurationPlatforms) = postSolution
		{9F6400EB-2C1D-477F-B9D9-6FB6DBEC8976}.Ad-Hoc|Any CPU.ActiveCfg = Release|Any CPU
		{9F6400EB-2C1D-477F-B9D9-6FB6DBEC8976}.Ad-Hoc|Any CPU.Build.0 = Release|Any CPU
		{9F6400EB-2C1D-477F-B9D9-6FB6DBEC8976}.Ad-Hoc|ARM.ActiveCfg = Release|Any CPU
		{9F6400EB-2C1D-477F-B9D9-6FB6DBEC8976}.Ad-Hoc|ARM.Build.0 = Release|Any CPU
		{9F6400EB-2C1D-477F-B9D9-6FB6DBEC8976}.Ad-Hoc|iPhone.ActiveCfg = Release|Any CPU
		{9F6400EB-2C1D-477F-B9D9-6FB6DBEC8976}.Ad-Hoc|iPhone.Build.0 = Release|Any CPU
		{9F6400EB-2C1D-477F-B9D9-6FB6DBEC8976}.Ad-Hoc|iPhoneSimulator.ActiveCfg = Release|Any CPU
		{9F6400EB-2C1D-477F-B9D9-6FB6DBEC8976}.Ad-Hoc|iPhoneSimulator.Build.0 = Release|Any CPU
		{9F6400EB-2C1D-477F-B9D9-6FB6DBEC8976}.Ad-Hoc|x64.ActiveCfg = Release|Any CPU
		{9F6400EB-2C1D-477F-B9D9-6FB6DBEC8976}.Ad-Hoc|x64.Build.0 = Release|Any CPU
		{9F6400EB-2C1D-477F-B9D9-6FB6DBEC8976}.Ad-Hoc|x86.ActiveCfg = Release|Any CPU
		{9F6400EB-2C1D-477F-B9D9-6FB6DBEC8976}.Ad-Hoc|x86.Build.0 = Release|Any CPU
		{9F6400EB-2C1D-477F-B9D9-6FB6DBEC8976}.AppStore|Any CPU.ActiveCfg = Release|Any CPU
		{9F6400EB-2C1D-477F-B9D9-6FB6DBEC8976}.AppStore|Any CPU.Build.0 = Release|Any CPU
		{9F6400EB-2C1D-477F-B9D9-6FB6DBEC8976}.AppStore|ARM.ActiveCfg = Release|Any CPU
		{9F6400EB-2C1D-477F-B9D9-6FB6DBEC8976}.AppStore|ARM.Build.0 = Release|Any CPU
		{9F6400EB-2C1D-477F-B9D9-6FB6DBEC8976}.AppStore|iPhone.ActiveCfg = Release|Any CPU
		{9F6400EB-2C1D-477F-B9D9-6FB6DBEC8976}.AppStore|iPhone.Build.0 = Release|Any CPU
		{9F6400EB-2C1D-477F-B9D9-6FB6DBEC8976}.AppStore|iPhoneSimulator.ActiveCfg = Release|Any CPU
		{9F6400EB-2C1D-477F-B9D9-6FB6DBEC8976}.AppStore|iPhoneSimulator.Build.0 = Release|Any CPU
		{9F6400EB-2C1D-477F-B9D9-6FB6DBEC8976}.AppStore|x64.ActiveCfg = Release|Any CPU
		{9F6400EB-2C1D-477F-B9D9-6FB6DBEC8976}.AppStore|x64.Build.0 = Release|Any CPU
		{9F6400EB-2C1D-477F-B9D9-6FB6DBEC8976}.AppStore|x86.ActiveCfg = Release|Any CPU
		{9F6400EB-2C1D-477F-B9D9-6FB6DBEC8976}.AppStore|x86.Build.0 = Release|Any CPU
		{9F6400EB-2C1D-477F-B9D9-6FB6DBEC8976}.Debug|Any CPU.ActiveCfg = Debug|Any CPU
		{9F6400EB-2C1D-477F-B9D9-6FB6DBEC8976}.Debug|Any CPU.Build.0 = Debug|Any CPU
		{9F6400EB-2C1D-477F-B9D9-6FB6DBEC8976}.Debug|ARM.ActiveCfg = Debug|Any CPU
		{9F6400EB-2C1D-477F-B9D9-6FB6DBEC8976}.Debug|ARM.Build.0 = Debug|Any CPU
		{9F6400EB-2C1D-477F-B9D9-6FB6DBEC8976}.Debug|iPhone.ActiveCfg = Debug|Any CPU
		{9F6400EB-2C1D-477F-B9D9-6FB6DBEC8976}.Debug|iPhone.Build.0 = Debug|Any CPU
		{9F6400EB-2C1D-477F-B9D9-6FB6DBEC8976}.Debug|iPhoneSimulator.ActiveCfg = Debug|Any CPU
		{9F6400EB-2C1D-477F-B9D9-6FB6DBEC8976}.Debug|iPhoneSimulator.Build.0 = Debug|Any CPU
		{9F6400EB-2C1D-477F-B9D9-6FB6DBEC8976}.Debug|x64.ActiveCfg = Debug|Any CPU
		{9F6400EB-2C1D-477F-B9D9-6FB6DBEC8976}.Debug|x64.Build.0 = Debug|Any CPU
		{9F6400EB-2C1D-477F-B9D9-6FB6DBEC8976}.Debug|x86.ActiveCfg = Debug|Any CPU
		{9F6400EB-2C1D-477F-B9D9-6FB6DBEC8976}.Debug|x86.Build.0 = Debug|Any CPU
		{9F6400EB-2C1D-477F-B9D9-6FB6DBEC8976}.Release|Any CPU.ActiveCfg = Release|Any CPU
		{9F6400EB-2C1D-477F-B9D9-6FB6DBEC8976}.Release|Any CPU.Build.0 = Release|Any CPU
		{9F6400EB-2C1D-477F-B9D9-6FB6DBEC8976}.Release|ARM.ActiveCfg = Release|Any CPU
		{9F6400EB-2C1D-477F-B9D9-6FB6DBEC8976}.Release|ARM.Build.0 = Release|Any CPU
		{9F6400EB-2C1D-477F-B9D9-6FB6DBEC8976}.Release|iPhone.ActiveCfg = Release|Any CPU
		{9F6400EB-2C1D-477F-B9D9-6FB6DBEC8976}.Release|iPhone.Build.0 = Release|Any CPU
		{9F6400EB-2C1D-477F-B9D9-6FB6DBEC8976}.Release|iPhoneSimulator.ActiveCfg = Release|Any CPU
		{9F6400EB-2C1D-477F-B9D9-6FB6DBEC8976}.Release|iPhoneSimulator.Build.0 = Release|Any CPU
		{9F6400EB-2C1D-477F-B9D9-6FB6DBEC8976}.Release|x64.ActiveCfg = Release|Any CPU
		{9F6400EB-2C1D-477F-B9D9-6FB6DBEC8976}.Release|x64.Build.0 = Release|Any CPU
		{9F6400EB-2C1D-477F-B9D9-6FB6DBEC8976}.Release|x86.ActiveCfg = Release|Any CPU
		{9F6400EB-2C1D-477F-B9D9-6FB6DBEC8976}.Release|x86.Build.0 = Release|Any CPU
		{73B71DAF-DC93-4297-B5D3-AC6E4F6EFC3C}.Ad-Hoc|Any CPU.ActiveCfg = Release|Any CPU
		{73B71DAF-DC93-4297-B5D3-AC6E4F6EFC3C}.Ad-Hoc|Any CPU.Build.0 = Release|Any CPU
		{73B71DAF-DC93-4297-B5D3-AC6E4F6EFC3C}.Ad-Hoc|ARM.ActiveCfg = Release|Any CPU
		{73B71DAF-DC93-4297-B5D3-AC6E4F6EFC3C}.Ad-Hoc|ARM.Build.0 = Release|Any CPU
		{73B71DAF-DC93-4297-B5D3-AC6E4F6EFC3C}.Ad-Hoc|iPhone.ActiveCfg = Release|Any CPU
		{73B71DAF-DC93-4297-B5D3-AC6E4F6EFC3C}.Ad-Hoc|iPhone.Build.0 = Release|Any CPU
		{73B71DAF-DC93-4297-B5D3-AC6E4F6EFC3C}.Ad-Hoc|iPhoneSimulator.ActiveCfg = Release|Any CPU
		{73B71DAF-DC93-4297-B5D3-AC6E4F6EFC3C}.Ad-Hoc|iPhoneSimulator.Build.0 = Release|Any CPU
		{73B71DAF-DC93-4297-B5D3-AC6E4F6EFC3C}.Ad-Hoc|x64.ActiveCfg = Release|Any CPU
		{73B71DAF-DC93-4297-B5D3-AC6E4F6EFC3C}.Ad-Hoc|x64.Build.0 = Release|Any CPU
		{73B71DAF-DC93-4297-B5D3-AC6E4F6EFC3C}.Ad-Hoc|x86.ActiveCfg = Release|Any CPU
		{73B71DAF-DC93-4297-B5D3-AC6E4F6EFC3C}.Ad-Hoc|x86.Build.0 = Release|Any CPU
		{73B71DAF-DC93-4297-B5D3-AC6E4F6EFC3C}.AppStore|Any CPU.ActiveCfg = Release|Any CPU
		{73B71DAF-DC93-4297-B5D3-AC6E4F6EFC3C}.AppStore|Any CPU.Build.0 = Release|Any CPU
		{73B71DAF-DC93-4297-B5D3-AC6E4F6EFC3C}.AppStore|ARM.ActiveCfg = Release|Any CPU
		{73B71DAF-DC93-4297-B5D3-AC6E4F6EFC3C}.AppStore|ARM.Build.0 = Release|Any CPU
		{73B71DAF-DC93-4297-B5D3-AC6E4F6EFC3C}.AppStore|iPhone.ActiveCfg = Release|Any CPU
		{73B71DAF-DC93-4297-B5D3-AC6E4F6EFC3C}.AppStore|iPhone.Build.0 = Release|Any CPU
		{73B71DAF-DC93-4297-B5D3-AC6E4F6EFC3C}.AppStore|iPhoneSimulator.ActiveCfg = Release|Any CPU
		{73B71DAF-DC93-4297-B5D3-AC6E4F6EFC3C}.AppStore|iPhoneSimulator.Build.0 = Release|Any CPU
		{73B71DAF-DC93-4297-B5D3-AC6E4F6EFC3C}.AppStore|x64.ActiveCfg = Release|Any CPU
		{73B71DAF-DC93-4297-B5D3-AC6E4F6EFC3C}.AppStore|x64.Build.0 = Release|Any CPU
		{73B71DAF-DC93-4297-B5D3-AC6E4F6EFC3C}.AppStore|x86.ActiveCfg = Release|Any CPU
		{73B71DAF-DC93-4297-B5D3-AC6E4F6EFC3C}.AppStore|x86.Build.0 = Release|Any CPU
		{73B71DAF-DC93-4297-B5D3-AC6E4F6EFC3C}.Debug|Any CPU.ActiveCfg = Debug|Any CPU
		{73B71DAF-DC93-4297-B5D3-AC6E4F6EFC3C}.Debug|Any CPU.Build.0 = Debug|Any CPU
		{73B71DAF-DC93-4297-B5D3-AC6E4F6EFC3C}.Debug|ARM.ActiveCfg = Debug|Any CPU
		{73B71DAF-DC93-4297-B5D3-AC6E4F6EFC3C}.Debug|ARM.Build.0 = Debug|Any CPU
		{73B71DAF-DC93-4297-B5D3-AC6E4F6EFC3C}.Debug|iPhone.ActiveCfg = Debug|Any CPU
		{73B71DAF-DC93-4297-B5D3-AC6E4F6EFC3C}.Debug|iPhone.Build.0 = Debug|Any CPU
		{73B71DAF-DC93-4297-B5D3-AC6E4F6EFC3C}.Debug|iPhoneSimulator.ActiveCfg = Debug|Any CPU
		{73B71DAF-DC93-4297-B5D3-AC6E4F6EFC3C}.Debug|iPhoneSimulator.Build.0 = Debug|Any CPU
		{73B71DAF-DC93-4297-B5D3-AC6E4F6EFC3C}.Debug|x64.ActiveCfg = Debug|Any CPU
		{73B71DAF-DC93-4297-B5D3-AC6E4F6EFC3C}.Debug|x64.Build.0 = Debug|Any CPU
		{73B71DAF-DC93-4297-B5D3-AC6E4F6EFC3C}.Debug|x86.ActiveCfg = Debug|Any CPU
		{73B71DAF-DC93-4297-B5D3-AC6E4F6EFC3C}.Debug|x86.Build.0 = Debug|Any CPU
		{73B71DAF-DC93-4297-B5D3-AC6E4F6EFC3C}.Release|Any CPU.ActiveCfg = Release|Any CPU
		{73B71DAF-DC93-4297-B5D3-AC6E4F6EFC3C}.Release|Any CPU.Build.0 = Release|Any CPU
		{73B71DAF-DC93-4297-B5D3-AC6E4F6EFC3C}.Release|ARM.ActiveCfg = Release|Any CPU
		{73B71DAF-DC93-4297-B5D3-AC6E4F6EFC3C}.Release|ARM.Build.0 = Release|Any CPU
		{73B71DAF-DC93-4297-B5D3-AC6E4F6EFC3C}.Release|iPhone.ActiveCfg = Release|Any CPU
		{73B71DAF-DC93-4297-B5D3-AC6E4F6EFC3C}.Release|iPhone.Build.0 = Release|Any CPU
		{73B71DAF-DC93-4297-B5D3-AC6E4F6EFC3C}.Release|iPhoneSimulator.ActiveCfg = Release|Any CPU
		{73B71DAF-DC93-4297-B5D3-AC6E4F6EFC3C}.Release|iPhoneSimulator.Build.0 = Release|Any CPU
		{73B71DAF-DC93-4297-B5D3-AC6E4F6EFC3C}.Release|x64.ActiveCfg = Release|Any CPU
		{73B71DAF-DC93-4297-B5D3-AC6E4F6EFC3C}.Release|x64.Build.0 = Release|Any CPU
		{73B71DAF-DC93-4297-B5D3-AC6E4F6EFC3C}.Release|x86.ActiveCfg = Release|Any CPU
		{73B71DAF-DC93-4297-B5D3-AC6E4F6EFC3C}.Release|x86.Build.0 = Release|Any CPU
		{9853B671-9304-4619-A253-9A97423E1FA4}.Ad-Hoc|Any CPU.ActiveCfg = Release|Any CPU
		{9853B671-9304-4619-A253-9A97423E1FA4}.Ad-Hoc|Any CPU.Build.0 = Release|Any CPU
		{9853B671-9304-4619-A253-9A97423E1FA4}.Ad-Hoc|Any CPU.Deploy.0 = Release|Any CPU
		{9853B671-9304-4619-A253-9A97423E1FA4}.Ad-Hoc|ARM.ActiveCfg = Release|Any CPU
		{9853B671-9304-4619-A253-9A97423E1FA4}.Ad-Hoc|ARM.Build.0 = Release|Any CPU
		{9853B671-9304-4619-A253-9A97423E1FA4}.Ad-Hoc|ARM.Deploy.0 = Release|Any CPU
		{9853B671-9304-4619-A253-9A97423E1FA4}.Ad-Hoc|iPhone.ActiveCfg = Release|Any CPU
		{9853B671-9304-4619-A253-9A97423E1FA4}.Ad-Hoc|iPhone.Build.0 = Release|Any CPU
		{9853B671-9304-4619-A253-9A97423E1FA4}.Ad-Hoc|iPhone.Deploy.0 = Release|Any CPU
		{9853B671-9304-4619-A253-9A97423E1FA4}.Ad-Hoc|iPhoneSimulator.ActiveCfg = Release|Any CPU
		{9853B671-9304-4619-A253-9A97423E1FA4}.Ad-Hoc|iPhoneSimulator.Build.0 = Release|Any CPU
		{9853B671-9304-4619-A253-9A97423E1FA4}.Ad-Hoc|iPhoneSimulator.Deploy.0 = Release|Any CPU
		{9853B671-9304-4619-A253-9A97423E1FA4}.Ad-Hoc|x64.ActiveCfg = Release|Any CPU
		{9853B671-9304-4619-A253-9A97423E1FA4}.Ad-Hoc|x64.Build.0 = Release|Any CPU
		{9853B671-9304-4619-A253-9A97423E1FA4}.Ad-Hoc|x64.Deploy.0 = Release|Any CPU
		{9853B671-9304-4619-A253-9A97423E1FA4}.Ad-Hoc|x86.ActiveCfg = Release|Any CPU
		{9853B671-9304-4619-A253-9A97423E1FA4}.Ad-Hoc|x86.Build.0 = Release|Any CPU
		{9853B671-9304-4619-A253-9A97423E1FA4}.Ad-Hoc|x86.Deploy.0 = Release|Any CPU
		{9853B671-9304-4619-A253-9A97423E1FA4}.AppStore|Any CPU.ActiveCfg = Release|Any CPU
		{9853B671-9304-4619-A253-9A97423E1FA4}.AppStore|Any CPU.Build.0 = Release|Any CPU
		{9853B671-9304-4619-A253-9A97423E1FA4}.AppStore|Any CPU.Deploy.0 = Release|Any CPU
		{9853B671-9304-4619-A253-9A97423E1FA4}.AppStore|ARM.ActiveCfg = Release|Any CPU
		{9853B671-9304-4619-A253-9A97423E1FA4}.AppStore|ARM.Build.0 = Release|Any CPU
		{9853B671-9304-4619-A253-9A97423E1FA4}.AppStore|ARM.Deploy.0 = Release|Any CPU
		{9853B671-9304-4619-A253-9A97423E1FA4}.AppStore|iPhone.ActiveCfg = Release|Any CPU
		{9853B671-9304-4619-A253-9A97423E1FA4}.AppStore|iPhone.Build.0 = Release|Any CPU
		{9853B671-9304-4619-A253-9A97423E1FA4}.AppStore|iPhone.Deploy.0 = Release|Any CPU
		{9853B671-9304-4619-A253-9A97423E1FA4}.AppStore|iPhoneSimulator.ActiveCfg = Release|Any CPU
		{9853B671-9304-4619-A253-9A97423E1FA4}.AppStore|iPhoneSimulator.Build.0 = Release|Any CPU
		{9853B671-9304-4619-A253-9A97423E1FA4}.AppStore|iPhoneSimulator.Deploy.0 = Release|Any CPU
		{9853B671-9304-4619-A253-9A97423E1FA4}.AppStore|x64.ActiveCfg = Release|Any CPU
		{9853B671-9304-4619-A253-9A97423E1FA4}.AppStore|x64.Build.0 = Release|Any CPU
		{9853B671-9304-4619-A253-9A97423E1FA4}.AppStore|x64.Deploy.0 = Release|Any CPU
		{9853B671-9304-4619-A253-9A97423E1FA4}.AppStore|x86.ActiveCfg = Release|Any CPU
		{9853B671-9304-4619-A253-9A97423E1FA4}.AppStore|x86.Build.0 = Release|Any CPU
		{9853B671-9304-4619-A253-9A97423E1FA4}.AppStore|x86.Deploy.0 = Release|Any CPU
		{9853B671-9304-4619-A253-9A97423E1FA4}.Debug|Any CPU.ActiveCfg = Debug|Any CPU
		{9853B671-9304-4619-A253-9A97423E1FA4}.Debug|Any CPU.Build.0 = Debug|Any CPU
		{9853B671-9304-4619-A253-9A97423E1FA4}.Debug|Any CPU.Deploy.0 = Debug|Any CPU
		{9853B671-9304-4619-A253-9A97423E1FA4}.Debug|ARM.ActiveCfg = Debug|Any CPU
		{9853B671-9304-4619-A253-9A97423E1FA4}.Debug|ARM.Build.0 = Debug|Any CPU
		{9853B671-9304-4619-A253-9A97423E1FA4}.Debug|ARM.Deploy.0 = Debug|Any CPU
		{9853B671-9304-4619-A253-9A97423E1FA4}.Debug|iPhone.ActiveCfg = Debug|Any CPU
		{9853B671-9304-4619-A253-9A97423E1FA4}.Debug|iPhone.Build.0 = Debug|Any CPU
		{9853B671-9304-4619-A253-9A97423E1FA4}.Debug|iPhone.Deploy.0 = Debug|Any CPU
		{9853B671-9304-4619-A253-9A97423E1FA4}.Debug|iPhoneSimulator.ActiveCfg = Debug|Any CPU
		{9853B671-9304-4619-A253-9A97423E1FA4}.Debug|iPhoneSimulator.Build.0 = Debug|Any CPU
		{9853B671-9304-4619-A253-9A97423E1FA4}.Debug|iPhoneSimulator.Deploy.0 = Debug|Any CPU
		{9853B671-9304-4619-A253-9A97423E1FA4}.Debug|x64.ActiveCfg = Debug|Any CPU
		{9853B671-9304-4619-A253-9A97423E1FA4}.Debug|x64.Build.0 = Debug|Any CPU
		{9853B671-9304-4619-A253-9A97423E1FA4}.Debug|x64.Deploy.0 = Debug|Any CPU
		{9853B671-9304-4619-A253-9A97423E1FA4}.Debug|x86.ActiveCfg = Debug|Any CPU
		{9853B671-9304-4619-A253-9A97423E1FA4}.Debug|x86.Build.0 = Debug|Any CPU
		{9853B671-9304-4619-A253-9A97423E1FA4}.Debug|x86.Deploy.0 = Debug|Any CPU
		{9853B671-9304-4619-A253-9A97423E1FA4}.Release|Any CPU.ActiveCfg = Release|Any CPU
		{9853B671-9304-4619-A253-9A97423E1FA4}.Release|Any CPU.Build.0 = Release|Any CPU
		{9853B671-9304-4619-A253-9A97423E1FA4}.Release|Any CPU.Deploy.0 = Release|Any CPU
		{9853B671-9304-4619-A253-9A97423E1FA4}.Release|ARM.ActiveCfg = Release|Any CPU
		{9853B671-9304-4619-A253-9A97423E1FA4}.Release|ARM.Build.0 = Release|Any CPU
		{9853B671-9304-4619-A253-9A97423E1FA4}.Release|ARM.Deploy.0 = Release|Any CPU
		{9853B671-9304-4619-A253-9A97423E1FA4}.Release|iPhone.ActiveCfg = Release|Any CPU
		{9853B671-9304-4619-A253-9A97423E1FA4}.Release|iPhone.Build.0 = Release|Any CPU
		{9853B671-9304-4619-A253-9A97423E1FA4}.Release|iPhone.Deploy.0 = Release|Any CPU
		{9853B671-9304-4619-A253-9A97423E1FA4}.Release|iPhoneSimulator.ActiveCfg = Release|Any CPU
		{9853B671-9304-4619-A253-9A97423E1FA4}.Release|iPhoneSimulator.Build.0 = Release|Any CPU
		{9853B671-9304-4619-A253-9A97423E1FA4}.Release|iPhoneSimulator.Deploy.0 = Release|Any CPU
		{9853B671-9304-4619-A253-9A97423E1FA4}.Release|x64.ActiveCfg = Release|Any CPU
		{9853B671-9304-4619-A253-9A97423E1FA4}.Release|x64.Build.0 = Release|Any CPU
		{9853B671-9304-4619-A253-9A97423E1FA4}.Release|x64.Deploy.0 = Release|Any CPU
		{9853B671-9304-4619-A253-9A97423E1FA4}.Release|x86.ActiveCfg = Release|Any CPU
		{9853B671-9304-4619-A253-9A97423E1FA4}.Release|x86.Build.0 = Release|Any CPU
		{9853B671-9304-4619-A253-9A97423E1FA4}.Release|x86.Deploy.0 = Release|Any CPU
		{F58E40E2-4F19-4779-8BF9-2157E8D73BFB}.Ad-Hoc|Any CPU.ActiveCfg = Release|Any CPU
		{F58E40E2-4F19-4779-8BF9-2157E8D73BFB}.Ad-Hoc|Any CPU.Build.0 = Release|Any CPU
		{F58E40E2-4F19-4779-8BF9-2157E8D73BFB}.Ad-Hoc|ARM.ActiveCfg = Release|Any CPU
		{F58E40E2-4F19-4779-8BF9-2157E8D73BFB}.Ad-Hoc|ARM.Build.0 = Release|Any CPU
		{F58E40E2-4F19-4779-8BF9-2157E8D73BFB}.Ad-Hoc|iPhone.ActiveCfg = Release|Any CPU
		{F58E40E2-4F19-4779-8BF9-2157E8D73BFB}.Ad-Hoc|iPhone.Build.0 = Release|Any CPU
		{F58E40E2-4F19-4779-8BF9-2157E8D73BFB}.Ad-Hoc|iPhoneSimulator.ActiveCfg = Release|Any CPU
		{F58E40E2-4F19-4779-8BF9-2157E8D73BFB}.Ad-Hoc|iPhoneSimulator.Build.0 = Release|Any CPU
		{F58E40E2-4F19-4779-8BF9-2157E8D73BFB}.Ad-Hoc|x64.ActiveCfg = Release|Any CPU
		{F58E40E2-4F19-4779-8BF9-2157E8D73BFB}.Ad-Hoc|x64.Build.0 = Release|Any CPU
		{F58E40E2-4F19-4779-8BF9-2157E8D73BFB}.Ad-Hoc|x86.ActiveCfg = Release|Any CPU
		{F58E40E2-4F19-4779-8BF9-2157E8D73BFB}.Ad-Hoc|x86.Build.0 = Release|Any CPU
		{F58E40E2-4F19-4779-8BF9-2157E8D73BFB}.AppStore|Any CPU.ActiveCfg = Release|Any CPU
		{F58E40E2-4F19-4779-8BF9-2157E8D73BFB}.AppStore|Any CPU.Build.0 = Release|Any CPU
		{F58E40E2-4F19-4779-8BF9-2157E8D73BFB}.AppStore|ARM.ActiveCfg = Release|Any CPU
		{F58E40E2-4F19-4779-8BF9-2157E8D73BFB}.AppStore|ARM.Build.0 = Release|Any CPU
		{F58E40E2-4F19-4779-8BF9-2157E8D73BFB}.AppStore|iPhone.ActiveCfg = Release|Any CPU
		{F58E40E2-4F19-4779-8BF9-2157E8D73BFB}.AppStore|iPhone.Build.0 = Release|Any CPU
		{F58E40E2-4F19-4779-8BF9-2157E8D73BFB}.AppStore|iPhoneSimulator.ActiveCfg = Release|Any CPU
		{F58E40E2-4F19-4779-8BF9-2157E8D73BFB}.AppStore|iPhoneSimulator.Build.0 = Release|Any CPU
		{F58E40E2-4F19-4779-8BF9-2157E8D73BFB}.AppStore|x64.ActiveCfg = Release|Any CPU
		{F58E40E2-4F19-4779-8BF9-2157E8D73BFB}.AppStore|x64.Build.0 = Release|Any CPU
		{F58E40E2-4F19-4779-8BF9-2157E8D73BFB}.AppStore|x86.ActiveCfg = Release|Any CPU
		{F58E40E2-4F19-4779-8BF9-2157E8D73BFB}.AppStore|x86.Build.0 = Release|Any CPU
		{F58E40E2-4F19-4779-8BF9-2157E8D73BFB}.Debug|Any CPU.ActiveCfg = Debug|Any CPU
		{F58E40E2-4F19-4779-8BF9-2157E8D73BFB}.Debug|Any CPU.Build.0 = Debug|Any CPU
		{F58E40E2-4F19-4779-8BF9-2157E8D73BFB}.Debug|ARM.ActiveCfg = Debug|Any CPU
		{F58E40E2-4F19-4779-8BF9-2157E8D73BFB}.Debug|ARM.Build.0 = Debug|Any CPU
		{F58E40E2-4F19-4779-8BF9-2157E8D73BFB}.Debug|iPhone.ActiveCfg = Debug|Any CPU
		{F58E40E2-4F19-4779-8BF9-2157E8D73BFB}.Debug|iPhone.Build.0 = Debug|Any CPU
		{F58E40E2-4F19-4779-8BF9-2157E8D73BFB}.Debug|iPhoneSimulator.ActiveCfg = Debug|Any CPU
		{F58E40E2-4F19-4779-8BF9-2157E8D73BFB}.Debug|iPhoneSimulator.Build.0 = Debug|Any CPU
		{F58E40E2-4F19-4779-8BF9-2157E8D73BFB}.Debug|x64.ActiveCfg = Debug|Any CPU
		{F58E40E2-4F19-4779-8BF9-2157E8D73BFB}.Debug|x64.Build.0 = Debug|Any CPU
		{F58E40E2-4F19-4779-8BF9-2157E8D73BFB}.Debug|x86.ActiveCfg = Debug|Any CPU
		{F58E40E2-4F19-4779-8BF9-2157E8D73BFB}.Debug|x86.Build.0 = Debug|Any CPU
		{F58E40E2-4F19-4779-8BF9-2157E8D73BFB}.Release|Any CPU.ActiveCfg = Release|Any CPU
		{F58E40E2-4F19-4779-8BF9-2157E8D73BFB}.Release|Any CPU.Build.0 = Release|Any CPU
		{F58E40E2-4F19-4779-8BF9-2157E8D73BFB}.Release|ARM.ActiveCfg = Release|Any CPU
		{F58E40E2-4F19-4779-8BF9-2157E8D73BFB}.Release|ARM.Build.0 = Release|Any CPU
		{F58E40E2-4F19-4779-8BF9-2157E8D73BFB}.Release|iPhone.ActiveCfg = Release|Any CPU
		{F58E40E2-4F19-4779-8BF9-2157E8D73BFB}.Release|iPhone.Build.0 = Release|Any CPU
		{F58E40E2-4F19-4779-8BF9-2157E8D73BFB}.Release|iPhoneSimulator.ActiveCfg = Release|Any CPU
		{F58E40E2-4F19-4779-8BF9-2157E8D73BFB}.Release|iPhoneSimulator.Build.0 = Release|Any CPU
		{F58E40E2-4F19-4779-8BF9-2157E8D73BFB}.Release|x64.ActiveCfg = Release|Any CPU
		{F58E40E2-4F19-4779-8BF9-2157E8D73BFB}.Release|x64.Build.0 = Release|Any CPU
		{F58E40E2-4F19-4779-8BF9-2157E8D73BFB}.Release|x86.ActiveCfg = Release|Any CPU
		{F58E40E2-4F19-4779-8BF9-2157E8D73BFB}.Release|x86.Build.0 = Release|Any CPU
		{14DE1067-8E4C-424A-9EF2-43EBA9445E82}.Ad-Hoc|Any CPU.ActiveCfg = Release|x86
		{14DE1067-8E4C-424A-9EF2-43EBA9445E82}.Ad-Hoc|Any CPU.Build.0 = Release|x86
		{14DE1067-8E4C-424A-9EF2-43EBA9445E82}.Ad-Hoc|Any CPU.Deploy.0 = Release|x86
		{14DE1067-8E4C-424A-9EF2-43EBA9445E82}.Ad-Hoc|ARM.ActiveCfg = Release|ARM
		{14DE1067-8E4C-424A-9EF2-43EBA9445E82}.Ad-Hoc|ARM.Build.0 = Release|ARM
		{14DE1067-8E4C-424A-9EF2-43EBA9445E82}.Ad-Hoc|ARM.Deploy.0 = Release|ARM
		{14DE1067-8E4C-424A-9EF2-43EBA9445E82}.Ad-Hoc|iPhone.ActiveCfg = Release|x86
		{14DE1067-8E4C-424A-9EF2-43EBA9445E82}.Ad-Hoc|iPhone.Build.0 = Release|x86
		{14DE1067-8E4C-424A-9EF2-43EBA9445E82}.Ad-Hoc|iPhone.Deploy.0 = Release|x86
		{14DE1067-8E4C-424A-9EF2-43EBA9445E82}.Ad-Hoc|iPhoneSimulator.ActiveCfg = Release|x86
		{14DE1067-8E4C-424A-9EF2-43EBA9445E82}.Ad-Hoc|iPhoneSimulator.Build.0 = Release|x86
		{14DE1067-8E4C-424A-9EF2-43EBA9445E82}.Ad-Hoc|iPhoneSimulator.Deploy.0 = Release|x86
		{14DE1067-8E4C-424A-9EF2-43EBA9445E82}.Ad-Hoc|x64.ActiveCfg = Release|x64
		{14DE1067-8E4C-424A-9EF2-43EBA9445E82}.Ad-Hoc|x64.Build.0 = Release|x64
		{14DE1067-8E4C-424A-9EF2-43EBA9445E82}.Ad-Hoc|x64.Deploy.0 = Release|x64
		{14DE1067-8E4C-424A-9EF2-43EBA9445E82}.Ad-Hoc|x86.ActiveCfg = Release|x86
		{14DE1067-8E4C-424A-9EF2-43EBA9445E82}.Ad-Hoc|x86.Build.0 = Release|x86
		{14DE1067-8E4C-424A-9EF2-43EBA9445E82}.Ad-Hoc|x86.Deploy.0 = Release|x86
		{14DE1067-8E4C-424A-9EF2-43EBA9445E82}.AppStore|Any CPU.ActiveCfg = Release|x86
		{14DE1067-8E4C-424A-9EF2-43EBA9445E82}.AppStore|Any CPU.Build.0 = Release|x86
		{14DE1067-8E4C-424A-9EF2-43EBA9445E82}.AppStore|Any CPU.Deploy.0 = Release|x86
		{14DE1067-8E4C-424A-9EF2-43EBA9445E82}.AppStore|ARM.ActiveCfg = Release|ARM
		{14DE1067-8E4C-424A-9EF2-43EBA9445E82}.AppStore|ARM.Build.0 = Release|ARM
		{14DE1067-8E4C-424A-9EF2-43EBA9445E82}.AppStore|ARM.Deploy.0 = Release|ARM
		{14DE1067-8E4C-424A-9EF2-43EBA9445E82}.AppStore|iPhone.ActiveCfg = Release|x86
		{14DE1067-8E4C-424A-9EF2-43EBA9445E82}.AppStore|iPhone.Build.0 = Release|x86
		{14DE1067-8E4C-424A-9EF2-43EBA9445E82}.AppStore|iPhone.Deploy.0 = Release|x86
		{14DE1067-8E4C-424A-9EF2-43EBA9445E82}.AppStore|iPhoneSimulator.ActiveCfg = Release|x86
		{14DE1067-8E4C-424A-9EF2-43EBA9445E82}.AppStore|iPhoneSimulator.Build.0 = Release|x86
		{14DE1067-8E4C-424A-9EF2-43EBA9445E82}.AppStore|iPhoneSimulator.Deploy.0 = Release|x86
		{14DE1067-8E4C-424A-9EF2-43EBA9445E82}.AppStore|x64.ActiveCfg = Release|x64
		{14DE1067-8E4C-424A-9EF2-43EBA9445E82}.AppStore|x64.Build.0 = Release|x64
		{14DE1067-8E4C-424A-9EF2-43EBA9445E82}.AppStore|x64.Deploy.0 = Release|x64
		{14DE1067-8E4C-424A-9EF2-43EBA9445E82}.AppStore|x86.ActiveCfg = Release|x86
		{14DE1067-8E4C-424A-9EF2-43EBA9445E82}.AppStore|x86.Build.0 = Release|x86
		{14DE1067-8E4C-424A-9EF2-43EBA9445E82}.AppStore|x86.Deploy.0 = Release|x86
		{14DE1067-8E4C-424A-9EF2-43EBA9445E82}.Debug|Any CPU.ActiveCfg = Debug|x86
		{14DE1067-8E4C-424A-9EF2-43EBA9445E82}.Debug|ARM.ActiveCfg = Debug|ARM
		{14DE1067-8E4C-424A-9EF2-43EBA9445E82}.Debug|ARM.Build.0 = Debug|ARM
		{14DE1067-8E4C-424A-9EF2-43EBA9445E82}.Debug|ARM.Deploy.0 = Debug|ARM
		{14DE1067-8E4C-424A-9EF2-43EBA9445E82}.Debug|iPhone.ActiveCfg = Debug|x86
		{14DE1067-8E4C-424A-9EF2-43EBA9445E82}.Debug|iPhoneSimulator.ActiveCfg = Debug|x86
		{14DE1067-8E4C-424A-9EF2-43EBA9445E82}.Debug|x64.ActiveCfg = Debug|x64
		{14DE1067-8E4C-424A-9EF2-43EBA9445E82}.Debug|x64.Build.0 = Debug|x64
		{14DE1067-8E4C-424A-9EF2-43EBA9445E82}.Debug|x64.Deploy.0 = Debug|x64
		{14DE1067-8E4C-424A-9EF2-43EBA9445E82}.Debug|x86.ActiveCfg = Debug|x86
		{14DE1067-8E4C-424A-9EF2-43EBA9445E82}.Debug|x86.Build.0 = Debug|x86
		{14DE1067-8E4C-424A-9EF2-43EBA9445E82}.Debug|x86.Deploy.0 = Debug|x86
		{14DE1067-8E4C-424A-9EF2-43EBA9445E82}.Release|Any CPU.ActiveCfg = Release|x86
		{14DE1067-8E4C-424A-9EF2-43EBA9445E82}.Release|ARM.ActiveCfg = Release|ARM
		{14DE1067-8E4C-424A-9EF2-43EBA9445E82}.Release|ARM.Build.0 = Release|ARM
		{14DE1067-8E4C-424A-9EF2-43EBA9445E82}.Release|ARM.Deploy.0 = Release|ARM
		{14DE1067-8E4C-424A-9EF2-43EBA9445E82}.Release|iPhone.ActiveCfg = Release|x86
		{14DE1067-8E4C-424A-9EF2-43EBA9445E82}.Release|iPhoneSimulator.ActiveCfg = Release|x86
		{14DE1067-8E4C-424A-9EF2-43EBA9445E82}.Release|x64.ActiveCfg = Release|x64
		{14DE1067-8E4C-424A-9EF2-43EBA9445E82}.Release|x64.Build.0 = Release|x64
		{14DE1067-8E4C-424A-9EF2-43EBA9445E82}.Release|x64.Deploy.0 = Release|x64
		{14DE1067-8E4C-424A-9EF2-43EBA9445E82}.Release|x86.ActiveCfg = Release|x86
		{14DE1067-8E4C-424A-9EF2-43EBA9445E82}.Release|x86.Build.0 = Release|x86
		{14DE1067-8E4C-424A-9EF2-43EBA9445E82}.Release|x86.Deploy.0 = Release|x86
		{DA318387-5B82-4E66-9634-28516EE89DB3}.Ad-Hoc|Any CPU.ActiveCfg = Ad-Hoc|iPhone
		{DA318387-5B82-4E66-9634-28516EE89DB3}.Ad-Hoc|ARM.ActiveCfg = Ad-Hoc|iPhone
		{DA318387-5B82-4E66-9634-28516EE89DB3}.Ad-Hoc|iPhone.ActiveCfg = Ad-Hoc|iPhone
		{DA318387-5B82-4E66-9634-28516EE89DB3}.Ad-Hoc|iPhone.Build.0 = Ad-Hoc|iPhone
		{DA318387-5B82-4E66-9634-28516EE89DB3}.Ad-Hoc|iPhoneSimulator.ActiveCfg = Ad-Hoc|iPhoneSimulator
		{DA318387-5B82-4E66-9634-28516EE89DB3}.Ad-Hoc|iPhoneSimulator.Build.0 = Ad-Hoc|iPhoneSimulator
		{DA318387-5B82-4E66-9634-28516EE89DB3}.Ad-Hoc|x64.ActiveCfg = Ad-Hoc|iPhone
		{DA318387-5B82-4E66-9634-28516EE89DB3}.Ad-Hoc|x86.ActiveCfg = Ad-Hoc|iPhone
		{DA318387-5B82-4E66-9634-28516EE89DB3}.AppStore|Any CPU.ActiveCfg = AppStore|iPhone
		{DA318387-5B82-4E66-9634-28516EE89DB3}.AppStore|ARM.ActiveCfg = AppStore|iPhone
		{DA318387-5B82-4E66-9634-28516EE89DB3}.AppStore|iPhone.ActiveCfg = AppStore|iPhone
		{DA318387-5B82-4E66-9634-28516EE89DB3}.AppStore|iPhone.Build.0 = AppStore|iPhone
		{DA318387-5B82-4E66-9634-28516EE89DB3}.AppStore|iPhoneSimulator.ActiveCfg = AppStore|iPhoneSimulator
		{DA318387-5B82-4E66-9634-28516EE89DB3}.AppStore|iPhoneSimulator.Build.0 = AppStore|iPhoneSimulator
		{DA318387-5B82-4E66-9634-28516EE89DB3}.AppStore|x64.ActiveCfg = AppStore|iPhone
		{DA318387-5B82-4E66-9634-28516EE89DB3}.AppStore|x86.ActiveCfg = AppStore|iPhone
		{DA318387-5B82-4E66-9634-28516EE89DB3}.Debug|Any CPU.ActiveCfg = Debug|iPhone
		{DA318387-5B82-4E66-9634-28516EE89DB3}.Debug|ARM.ActiveCfg = Debug|iPhone
		{DA318387-5B82-4E66-9634-28516EE89DB3}.Debug|iPhone.ActiveCfg = Debug|iPhone
		{DA318387-5B82-4E66-9634-28516EE89DB3}.Debug|iPhone.Build.0 = Debug|iPhone
		{DA318387-5B82-4E66-9634-28516EE89DB3}.Debug|iPhoneSimulator.ActiveCfg = Debug|iPhoneSimulator
		{DA318387-5B82-4E66-9634-28516EE89DB3}.Debug|iPhoneSimulator.Build.0 = Debug|iPhoneSimulator
		{DA318387-5B82-4E66-9634-28516EE89DB3}.Debug|x64.ActiveCfg = Debug|iPhone
		{DA318387-5B82-4E66-9634-28516EE89DB3}.Debug|x86.ActiveCfg = Debug|iPhone
		{DA318387-5B82-4E66-9634-28516EE89DB3}.Release|Any CPU.ActiveCfg = Release|iPhone
		{DA318387-5B82-4E66-9634-28516EE89DB3}.Release|ARM.ActiveCfg = Release|iPhone
		{DA318387-5B82-4E66-9634-28516EE89DB3}.Release|iPhone.ActiveCfg = Release|iPhone
		{DA318387-5B82-4E66-9634-28516EE89DB3}.Release|iPhone.Build.0 = Release|iPhone
		{DA318387-5B82-4E66-9634-28516EE89DB3}.Release|iPhoneSimulator.ActiveCfg = Release|iPhoneSimulator
		{DA318387-5B82-4E66-9634-28516EE89DB3}.Release|iPhoneSimulator.Build.0 = Release|iPhoneSimulator
		{DA318387-5B82-4E66-9634-28516EE89DB3}.Release|x64.ActiveCfg = Release|iPhone
		{DA318387-5B82-4E66-9634-28516EE89DB3}.Release|x86.ActiveCfg = Release|iPhone
	EndGlobalSection
	GlobalSection(SolutionProperties) = preSolution
		HideSolutionNode = FALSE
	EndGlobalSection
EndGlobal
